
Microsoft Visual Studio Solution File, Format Version 12.00
# Visual Studio Version 17
VisualStudioVersion = 17.0.31903.59
MinimumVisualStudioVersion = 10.0.40219.1
Project("{2150E333-8FDC-42A3-9474-1A3956D46DE8}") = "src", "src", "{827E0CD3-B72D-47B6-A68D-7590B98EB39B}"
EndProject
Project("{FAE04EC0-301F-11D3-BF4B-00C04F79EFBC}") = "Pim.Api", "src\Pim.Api\Pim.Api.csproj", "{C6A66C54-5B3C-4C23-8370-B3EA7D515903}"
EndProject
Project("{FAE04EC0-301F-11D3-BF4B-00C04F79EFBC}") = "Pim.Application", "src\Pim.Application\Pim.Application.csproj", "{26ABCC55-606F-4B60-8F0C-2D4D4CC6830A}"
EndProject
Project("{FAE04EC0-301F-11D3-BF4B-00C04F79EFBC}") = "Pim.Domain", "src\Pim.Domain\Pim.Domain.csproj", "{21B4EF45-EBAE-4BBC-9BB0-6D31191F1DA8}"
EndProject
Project("{FAE04EC0-301F-11D3-BF4B-00C04F79EFBC}") = "Pim.Infrastructure", "src\Pim.Infrastructure\Pim.Infrastructure.csproj", "{067A975C-12DE-4AA7-916E-98DC36885A21}"
EndProject
Project("{FAE04EC0-301F-11D3-BF4B-00C04F79EFBC}") = "Pim.Api.IntegrationTests", "tests\Pim.Api.IntegrationTests\Pim.Api.IntegrationTests.csproj", "{44171A5A-1389-444A-BE9C-F3F4C92409AC}"
EndProject
Project("{FAE04EC0-301F-11D3-BF4B-00C04F79EFBC}") = "Pim.Application.Tests", "tests\Pim.Application.Tests\Pim.Application.Tests.csproj", "{3853D512-4588-4A78-8DAC-CF2C94E9255B}"
EndProject
Project("{FAE04EC0-301F-11D3-BF4B-00C04F79EFBC}") = "Pim.Domain.Tests", "tests\Pim.Domain.Tests\Pim.Domain.Tests.csproj", "{F4752855-B0D8-4316-9C1F-DAC8E97C0648}"
EndProject
Global
	GlobalSection(SolutionConfigurationPlatforms) = preSolution
		Debug|Any CPU = Debug|Any CPU
		Debug|x64 = Debug|x64
		Debug|x86 = Debug|x86
		Release|Any CPU = Release|Any CPU
		Release|x64 = Release|x64
		Release|x86 = Release|x86
	EndGlobalSection
	GlobalSection(ProjectConfigurationPlatforms) = postSolution
		{C6A66C54-5B3C-4C23-8370-B3EA7D515903}.Debug|Any CPU.ActiveCfg = Debug|Any CPU
		{C6A66C54-5B3C-4C23-8370-B3EA7D515903}.Debug|Any CPU.Build.0 = Debug|Any CPU
		{C6A66C54-5B3C-4C23-8370-B3EA7D515903}.Debug|x64.ActiveCfg = Debug|Any CPU
		{C6A66C54-5B3C-4C23-8370-B3EA7D515903}.Debug|x64.Build.0 = Debug|Any CPU
		{C6A66C54-5B3C-4C23-8370-B3EA7D515903}.Debug|x86.ActiveCfg = Debug|Any CPU
		{C6A66C54-5B3C-4C23-8370-B3EA7D515903}.Debug|x86.Build.0 = Debug|Any CPU
		{C6A66C54-5B3C-4C23-8370-B3EA7D515903}.Release|Any CPU.ActiveCfg = Release|Any CPU
		{C6A66C54-5B3C-4C23-8370-B3EA7D515903}.Release|Any CPU.Build.0 = Release|Any CPU
		{C6A66C54-5B3C-4C23-8370-B3EA7D515903}.Release|x64.ActiveCfg = Release|Any CPU
		{C6A66C54-5B3C-4C23-8370-B3EA7D515903}.Release|x64.Build.0 = Release|Any CPU
		{C6A66C54-5B3C-4C23-8370-B3EA7D515903}.Release|x86.ActiveCfg = Release|Any CPU
		{C6A66C54-5B3C-4C23-8370-B3EA7D515903}.Release|x86.Build.0 = Release|Any CPU
		{26ABCC55-606F-4B60-8F0C-2D4D4CC6830A}.Debug|Any CPU.ActiveCfg = Debug|Any CPU
		{26ABCC55-606F-4B60-8F0C-2D4D4CC6830A}.Debug|Any CPU.Build.0 = Debug|Any CPU
		{26ABCC55-606F-4B60-8F0C-2D4D4CC6830A}.Debug|x64.ActiveCfg = Debug|Any CPU
		{26ABCC55-606F-4B60-8F0C-2D4D4CC6830A}.Debug|x64.Build.0 = Debug|Any CPU
		{26ABCC55-606F-4B60-8F0C-2D4D4CC6830A}.Debug|x86.ActiveCfg = Debug|Any CPU
		{26ABCC55-606F-4B60-8F0C-2D4D4CC6830A}.Debug|x86.Build.0 = Debug|Any CPU
		{26ABCC55-606F-4B60-8F0C-2D4D4CC6830A}.Release|Any CPU.ActiveCfg = Release|Any CPU
		{26ABCC55-606F-4B60-8F0C-2D4D4CC6830A}.Release|Any CPU.Build.0 = Release|Any CPU
		{26ABCC55-606F-4B60-8F0C-2D4D4CC6830A}.Release|x64.ActiveCfg = Release|Any CPU
		{26ABCC55-606F-4B60-8F0C-2D4D4CC6830A}.Release|x64.Build.0 = Release|Any CPU
		{26ABCC55-606F-4B60-8F0C-2D4D4CC6830A}.Release|x86.ActiveCfg = Release|Any CPU
		{26ABCC55-606F-4B60-8F0C-2D4D4CC6830A}.Release|x86.Build.0 = Release|Any CPU
		{21B4EF45-EBAE-4BBC-9BB0-6D31191F1DA8}.Debug|Any CPU.ActiveCfg = Debug|Any CPU
		{21B4EF45-EBAE-4BBC-9BB0-6D31191F1DA8}.Debug|Any CPU.Build.0 = Debug|Any CPU
		{21B4EF45-EBAE-4BBC-9BB0-6D31191F1DA8}.Debug|x64.ActiveCfg = Debug|Any CPU
		{21B4EF45-EBAE-4BBC-9BB0-6D31191F1DA8}.Debug|x64.Build.0 = Debug|Any CPU
		{21B4EF45-EBAE-4BBC-9BB0-6D31191F1DA8}.Debug|x86.ActiveCfg = Debug|Any CPU
		{21B4EF45-EBAE-4BBC-9BB0-6D31191F1DA8}.Debug|x86.Build.0 = Debug|Any CPU
		{21B4EF45-EBAE-4BBC-9BB0-6D31191F1DA8}.Release|Any CPU.ActiveCfg = Release|Any CPU
		{21B4EF45-EBAE-4BBC-9BB0-6D31191F1DA8}.Release|Any CPU.Build.0 = Release|Any CPU
		{21B4EF45-EBAE-4BBC-9BB0-6D31191F1DA8}.Release|x64.ActiveCfg = Release|Any CPU
		{21B4EF45-EBAE-4BBC-9BB0-6D31191F1DA8}.Release|x64.Build.0 = Release|Any CPU
		{21B4EF45-EBAE-4BBC-9BB0-6D31191F1DA8}.Release|x86.ActiveCfg = Release|Any CPU
		{21B4EF45-EBAE-4BBC-9BB0-6D31191F1DA8}.Release|x86.Build.0 = Release|Any CPU
		{067A975C-12DE-4AA7-916E-98DC36885A21}.Debug|Any CPU.ActiveCfg = Debug|Any CPU
		{067A975C-12DE-4AA7-916E-98DC36885A21}.Debug|Any CPU.Build.0 = Debug|Any CPU
		{067A975C-12DE-4AA7-916E-98DC36885A21}.Debug|x64.ActiveCfg = Debug|Any CPU
		{067A975C-12DE-4AA7-916E-98DC36885A21}.Debug|x64.Build.0 = Debug|Any CPU
		{067A975C-12DE-4AA7-916E-98DC36885A21}.Debug|x86.ActiveCfg = Debug|Any CPU
		{067A975C-12DE-4AA7-916E-98DC36885A21}.Debug|x86.Build.0 = Debug|Any CPU
		{067A975C-12DE-4AA7-916E-98DC36885A21}.Release|Any CPU.ActiveCfg = Release|Any CPU
		{067A975C-12DE-4AA7-916E-98DC36885A21}.Release|Any CPU.Build.0 = Release|Any CPU
		{067A975C-12DE-4AA7-916E-98DC36885A21}.Release|x64.ActiveCfg = Release|Any CPU
		{067A975C-12DE-4AA7-916E-98DC36885A21}.Release|x64.Build.0 = Release|Any CPU
		{067A975C-12DE-4AA7-916E-98DC36885A21}.Release|x86.ActiveCfg = Release|Any CPU
		{067A975C-12DE-4AA7-916E-98DC36885A21}.Release|x86.Build.0 = Release|Any CPU
		{44171A5A-1389-444A-BE9C-F3F4C92409AC}.Debug|Any CPU.ActiveCfg = Debug|Any CPU
		{44171A5A-1389-444A-BE9C-F3F4C92409AC}.Debug|Any CPU.Build.0 = Debug|Any CPU
		{44171A5A-1389-444A-BE9C-F3F4C92409AC}.Debug|x64.ActiveCfg = Debug|Any CPU
		{44171A5A-1389-444A-BE9C-F3F4C92409AC}.Debug|x64.Build.0 = Debug|Any CPU
		{44171A5A-1389-444A-BE9C-F3F4C92409AC}.Debug|x86.ActiveCfg = Debug|Any CPU
		{44171A5A-1389-444A-BE9C-F3F4C92409AC}.Debug|x86.Build.0 = Debug|Any CPU
		{44171A5A-1389-444A-BE9C-F3F4C92409AC}.Release|Any CPU.ActiveCfg = Release|Any CPU
		{44171A5A-1389-444A-BE9C-F3F4C92409AC}.Release|Any CPU.Build.0 = Release|Any CPU
		{44171A5A-1389-444A-BE9C-F3F4C92409AC}.Release|x64.ActiveCfg = Release|Any CPU
		{44171A5A-1389-444A-BE9C-F3F4C92409AC}.Release|x64.Build.0 = Release|Any CPU
		{44171A5A-1389-444A-BE9C-F3F4C92409AC}.Release|x86.ActiveCfg = Release|Any CPU
		{44171A5A-1389-444A-BE9C-F3F4C92409AC}.Release|x86.Build.0 = Release|Any CPU
		{3853D512-4588-4A78-8DAC-CF2C94E9255B}.Debug|Any CPU.ActiveCfg = Debug|Any CPU
		{3853D512-4588-4A78-8DAC-CF2C94E9255B}.Debug|Any CPU.Build.0 = Debug|Any CPU
		{3853D512-4588-4A78-8DAC-CF2C94E9255B}.Debug|x64.ActiveCfg = Debug|Any CPU
		{3853D512-4588-4A78-8DAC-CF2C94E9255B}.Debug|x64.Build.0 = Debug|Any CPU
		{3853D512-4588-4A78-8DAC-CF2C94E9255B}.Debug|x86.ActiveCfg = Debug|Any CPU
		{3853D512-4588-4A78-8DAC-CF2C94E9255B}.Debug|x86.Build.0 = Debug|Any CPU
		{3853D512-4588-4A78-8DAC-CF2C94E9255B}.Release|Any CPU.ActiveCfg = Release|Any CPU
		{3853D512-4588-4A78-8DAC-CF2C94E9255B}.Release|Any CPU.Build.0 = Release|Any CPU
		{3853D512-4588-4A78-8DAC-CF2C94E9255B}.Release|x64.ActiveCfg = Release|Any CPU
		{3853D512-4588-4A78-8DAC-CF2C94E9255B}.Release|x64.Build.0 = Release|Any CPU
		{3853D512-4588-4A78-8DAC-CF2C94E9255B}.Release|x86.ActiveCfg = Release|Any CPU
		{3853D512-4588-4A78-8DAC-CF2C94E9255B}.Release|x86.Build.0 = Release|Any CPU
		{F4752855-B0D8-4316-9C1F-DAC8E97C0648}.Debug|Any CPU.ActiveCfg = Debug|Any CPU
		{F4752855-B0D8-4316-9C1F-DAC8E97C0648}.Debug|Any CPU.Build.0 = Debug|Any CPU
		{F4752855-B0D8-4316-9C1F-DAC8E97C0648}.Debug|x64.ActiveCfg = Debug|Any CPU
		{F4752855-B0D8-4316-9C1F-DAC8E97C0648}.Debug|x64.Build.0 = Debug|Any CPU
		{F4752855-B0D8-4316-9C1F-DAC8E97C0648}.Debug|x86.ActiveCfg = Debug|Any CPU
		{F4752855-B0D8-4316-9C1F-DAC8E97C0648}.Debug|x86.Build.0 = Debug|Any CPU
		{F4752855-B0D8-4316-9C1F-DAC8E97C0648}.Release|Any CPU.ActiveCfg = Release|Any CPU
		{F4752855-B0D8-4316-9C1F-DAC8E97C0648}.Release|Any CPU.Build.0 = Release|Any CPU
		{F4752855-B0D8-4316-9C1F-DAC8E97C0648}.Release|x64.ActiveCfg = Release|Any CPU
		{F4752855-B0D8-4316-9C1F-DAC8E97C0648}.Release|x64.Build.0 = Release|Any CPU
		{F4752855-B0D8-4316-9C1F-DAC8E97C0648}.Release|x86.ActiveCfg = Release|Any CPU
		{F4752855-B0D8-4316-9C1F-DAC8E97C0648}.Release|x86.Build.0 = Release|Any CPU
	EndGlobalSection
	GlobalSection(SolutionProperties) = preSolution
		HideSolutionNode = FALSE
	EndGlobalSection
	GlobalSection(NestedProjects) = preSolution
		{C6A66C54-5B3C-4C23-8370-B3EA7D515903} = {827E0CD3-B72D-47B6-A68D-7590B98EB39B}
		{26ABCC55-606F-4B60-8F0C-2D4D4CC6830A} = {827E0CD3-B72D-47B6-A68D-7590B98EB39B}
		{21B4EF45-EBAE-4BBC-9BB0-6D31191F1DA8} = {827E0CD3-B72D-47B6-A68D-7590B98EB39B}
		{067A975C-12DE-4AA7-916E-98DC36885A21} = {827E0CD3-B72D-47B6-A68D-7590B98EB39B}
		{44171A5A-1389-444A-BE9C-F3F4C92409AC} = {827E0CD3-B72D-47B6-A68D-7590B98EB39B}
		{3853D512-4588-4A78-8DAC-CF2C94E9255B} = {827E0CD3-B72D-47B6-A68D-7590B98EB39B}
		{F4752855-B0D8-4316-9C1F-DAC8E97C0648} = {827E0CD3-B72D-47B6-A68D-7590B98EB39B}
	EndGlobalSection
EndGlobal
